{
  "name": "proxy checker",
  "lockfileVersion": 2,
  "requires": true,
  "packages": {
    "": {
      "dependencies": {
        "proxy-check": "^1.0.8"
      }
    },
    "node_modules/proxy-check": {
      "version": "1.0.8",
      "resolved": "https://registry.npmjs.org/proxy-check/-/proxy-check-1.0.8.tgz",
      "integrity": "sha512-gooLamKpgl6wi3tJuVpDC7KL3+xSwstUIatyrknMSLaznc+n/cpEiO2HwIAcU30VLExafchmzTpFOgHr8of0wA=="
    }
  },
  "dependencies": {
    "proxy-check": {
      "version": "1.0.8",
      "resolved": "https://registry.npmjs.org/proxy-check/-/proxy-check-1.0.8.tgz",
      "integrity": "sha512-gooLamKpgl6wi3tJuVpDC7KL3+xSwstUIatyrknMSLaznc+n/cpEiO2HwIAcU30VLExafchmzTpFOgHr8of0wA=="
    }
  }
}
